
Microsoft Visual Studio Solution File, Format Version 12.00
# Visual Studio Version 17
VisualStudioVersion = 17.4.33213.308
MinimumVisualStudioVersion = 10.0.40219.1
Project("{FAE04EC0-301F-11D3-BF4B-00C04F79EFBC}") = "GörevYöneticisi", "GörevYöneticisi\GörevYöneticisi.csproj", "{1FB69A22-B8AA-4B3F-A847-947A7329860A}"
EndProject
Global
	GlobalSection(SolutionConfigurationPlatforms) = preSolution
		Debug|Any CPU = Debug|Any CPU
		Release|Any CPU = Release|Any CPU
	EndGlobalSection
	GlobalSection(ProjectConfigurationPlatforms) = postSolution
		{1FB69A22-B8AA-4B3F-A847-947A7329860A}.Debug|Any CPU.ActiveCfg = Debug|Any CPU
		{1FB69A22-B8AA-4B3F-A847-947A7329860A}.Debug|Any CPU.Build.0 = Debug|Any CPU
		{1FB69A22-B8AA-4B3F-A847-947A7329860A}.Release|Any CPU.ActiveCfg = Release|Any CPU
		{1FB69A22-B8AA-4B3F-A847-947A7329860A}.Release|Any CPU.Build.0 = Release|Any CPU
	EndGlobalSection
	GlobalSection(SolutionProperties) = preSolution
		HideSolutionNode = FALSE
	EndGlobalSection
	GlobalSection(ExtensibilityGlobals) = postSolution
		SolutionGuid = {BC495FD5-145B-4499-B7C5-E255D5F09180}
	EndGlobalSection
EndGlobal
